
Microsoft Visual Studio Solution File, Format Version 12.00
# Visual Studio 15
VisualStudioVersion = 15.0.28010.2026
MinimumVisualStudioVersion = 10.0.40219.1
Project("{FAE04EC0-301F-11D3-BF4B-00C04F79EFBC}") = "waloneOnCymbal", "waloneOnCymbal\waloneOnCymbal.csproj", "{7BB6F3E0-0FEB-4159-ACD6-06B40B8AEC7A}"
EndProject
Global
	GlobalSection(SolutionConfigurationPlatforms) = preSolution
		Debug|Any CPU = Debug|Any CPU
		Release|Any CPU = Release|Any CPU
	EndGlobalSection
	GlobalSection(ProjectConfigurationPlatforms) = postSolution
		{7BB6F3E0-0FEB-4159-ACD6-06B40B8AEC7A}.Debug|Any CPU.ActiveCfg = Debug|Any CPU
		{7BB6F3E0-0FEB-4159-ACD6-06B40B8AEC7A}.Debug|Any CPU.Build.0 = Debug|Any CPU
		{7BB6F3E0-0FEB-4159-ACD6-06B40B8AEC7A}.Release|Any CPU.ActiveCfg = Release|Any CPU
		{7BB6F3E0-0FEB-4159-ACD6-06B40B8AEC7A}.Release|Any CPU.Build.0 = Release|Any CPU
	EndGlobalSection
	GlobalSection(SolutionProperties) = preSolution
		HideSolutionNode = FALSE
	EndGlobalSection
	GlobalSection(ExtensibilityGlobals) = postSolution
		SolutionGuid = {695386F9-2928-4A7B-AA19-D83269CBA0A1}
	EndGlobalSection
EndGlobal
